
Microsoft Visual Studio Solution File, Format Version 12.00
# Visual Studio Version 17
VisualStudioVersion = 17.11.35327.3
MinimumVisualStudioVersion = 10.0.40219.1
Project("{FAE04EC0-301F-11D3-BF4B-00C04F79EFBC}") = "API", "API\API.csproj", "{7EF1E201-DDE9-48FF-A825-4845F6026447}"
EndProject
Project("{FAE04EC0-301F-11D3-BF4B-00C04F79EFBC}") = "BlazorApp", "BlazorApp\BlazorApp.csproj", "{920E9F06-867D-488B-B1B2-53B94BBFE6AF}"
EndProject
Global
	GlobalSection(SolutionConfigurationPlatforms) = preSolution
		Debug|Any CPU = Debug|Any CPU
		Release|Any CPU = Release|Any CPU
	EndGlobalSection
	GlobalSection(ProjectConfigurationPlatforms) = postSolution
		{7EF1E201-DDE9-48FF-A825-4845F6026447}.Debug|Any CPU.ActiveCfg = Debug|Any CPU
		{7EF1E201-DDE9-48FF-A825-4845F6026447}.Debug|Any CPU.Build.0 = Debug|Any CPU
		{7EF1E201-DDE9-48FF-A825-4845F6026447}.Release|Any CPU.ActiveCfg = Release|Any CPU
		{7EF1E201-DDE9-48FF-A825-4845F6026447}.Release|Any CPU.Build.0 = Release|Any CPU
		{920E9F06-867D-488B-B1B2-53B94BBFE6AF}.Debug|Any CPU.ActiveCfg = Debug|Any CPU
		{920E9F06-867D-488B-B1B2-53B94BBFE6AF}.Debug|Any CPU.Build.0 = Debug|Any CPU
		{920E9F06-867D-488B-B1B2-53B94BBFE6AF}.Release|Any CPU.ActiveCfg = Release|Any CPU
		{920E9F06-867D-488B-B1B2-53B94BBFE6AF}.Release|Any CPU.Build.0 = Release|Any CPU
	EndGlobalSection
	GlobalSection(SolutionProperties) = preSolution
		HideSolutionNode = FALSE
	EndGlobalSection
	GlobalSection(ExtensibilityGlobals) = postSolution
		SolutionGuid = {33B2B40E-FB3E-49BD-A58B-A897192901FB}
	EndGlobalSection
EndGlobal
